{
  "object": {
    "pins": [
      {
        "package": "SwiftProtobuf",
        "repositoryURL": "https://github.com/apple/swift-protobuf",
        "state": {
          "branch": null,
          "revision": "da9a52be9cd36c63993291ce3f1b65dafcd1e826",
          "version": "1.14.0"
        }
      }
    ]
  },
  "version": 1
}
